
Microsoft Visual Studio Solution File, Format Version 12.00
# Visual Studio Version 17
VisualStudioVersion = 17.2.32616.157
MinimumVisualStudioVersion = 10.0.40219.1
Project("{9A19103F-16F7-4668-BE54-9A1E7A4F7556}") = "UdemyRestaurantProject", "UdemyRestaurantProject\UdemyRestaurantProject.csproj", "{B0E0B66D-C23E-4171-95BB-4FBF1AADDDBA}"
EndProject
Global
	GlobalSection(SolutionConfigurationPlatforms) = preSolution
		Debug|Any CPU = Debug|Any CPU
		Release|Any CPU = Release|Any CPU
	EndGlobalSection
	GlobalSection(ProjectConfigurationPlatforms) = postSolution
		{B0E0B66D-C23E-4171-95BB-4FBF1AADDDBA}.Debug|Any CPU.ActiveCfg = Debug|Any CPU
		{B0E0B66D-C23E-4171-95BB-4FBF1AADDDBA}.Debug|Any CPU.Build.0 = Debug|Any CPU
		{B0E0B66D-C23E-4171-95BB-4FBF1AADDDBA}.Release|Any CPU.ActiveCfg = Release|Any CPU
		{B0E0B66D-C23E-4171-95BB-4FBF1AADDDBA}.Release|Any CPU.Build.0 = Release|Any CPU
	EndGlobalSection
	GlobalSection(SolutionProperties) = preSolution
		HideSolutionNode = FALSE
	EndGlobalSection
	GlobalSection(ExtensibilityGlobals) = postSolution
		SolutionGuid = {6FD707E3-BA27-4D7E-B071-005B4CA739B8}
	EndGlobalSection
EndGlobal
